
Microsoft Visual Studio Solution File, Format Version 12.00
# Visual Studio Version 17
VisualStudioVersion = 17.8.34511.84
MinimumVisualStudioVersion = 10.0.40219.1
Project("{FAE04EC0-301F-11D3-BF4B-00C04F79EFBC}") = "Othello", "Othello.csproj", "{2FB29620-90C4-4C77-AFAA-A6F89D2357B5}"
EndProject
Global
	GlobalSection(SolutionConfigurationPlatforms) = preSolution
		Debug|Any CPU = Debug|Any CPU
		Release|Any CPU = Release|Any CPU
	EndGlobalSection
	GlobalSection(ProjectConfigurationPlatforms) = postSolution
		{2FB29620-90C4-4C77-AFAA-A6F89D2357B5}.Debug|Any CPU.ActiveCfg = Debug|Any CPU
		{2FB29620-90C4-4C77-AFAA-A6F89D2357B5}.Debug|Any CPU.Build.0 = Debug|Any CPU
		{2FB29620-90C4-4C77-AFAA-A6F89D2357B5}.Release|Any CPU.ActiveCfg = Release|Any CPU
		{2FB29620-90C4-4C77-AFAA-A6F89D2357B5}.Release|Any CPU.Build.0 = Release|Any CPU
	EndGlobalSection
	GlobalSection(SolutionProperties) = preSolution
		HideSolutionNode = FALSE
	EndGlobalSection
	GlobalSection(ExtensibilityGlobals) = postSolution
		SolutionGuid = {3B160F75-C300-445F-BDE7-167414CE9C38}
	EndGlobalSection
EndGlobal
